
Microsoft Visual Studio Solution File, Format Version 12.00
# Visual Studio Version 17
VisualStudioVersion = 17.8.34330.188
MinimumVisualStudioVersion = 10.0.40219.1
Project("{FAE04EC0-301F-11D3-BF4B-00C04F79EFBC}") = "TestWebAPI_Project", "TestWebAPI_Project\TestWebAPI_Project.csproj", "{1836C22A-D824-4124-8450-9CA9F8C283E2}"
EndProject
Global
	GlobalSection(SolutionConfigurationPlatforms) = preSolution
		Debug|Any CPU = Debug|Any CPU
		Release|Any CPU = Release|Any CPU
	EndGlobalSection
	GlobalSection(ProjectConfigurationPlatforms) = postSolution
		{1836C22A-D824-4124-8450-9CA9F8C283E2}.Debug|Any CPU.ActiveCfg = Debug|Any CPU
		{1836C22A-D824-4124-8450-9CA9F8C283E2}.Debug|Any CPU.Build.0 = Debug|Any CPU
		{1836C22A-D824-4124-8450-9CA9F8C283E2}.Release|Any CPU.ActiveCfg = Release|Any CPU
		{1836C22A-D824-4124-8450-9CA9F8C283E2}.Release|Any CPU.Build.0 = Release|Any CPU
	EndGlobalSection
	GlobalSection(SolutionProperties) = preSolution
		HideSolutionNode = FALSE
	EndGlobalSection
	GlobalSection(ExtensibilityGlobals) = postSolution
		SolutionGuid = {BE9C9DB6-A991-4992-9379-9458EF3C050A}
	EndGlobalSection
EndGlobal
